# This file is automatically @generated by Poetry 1.7.1 and should not be changed by hand.

[[package]]
name = "licensify"
version = "0.2.1"
description = "Utility to apply license headers to source code files"
optional = false
python-versions = ">=2.7,!=3.1.*,!=3.2.*,!=3.3.*,!=3.4.*,<4"
files = [
    {file = "licensify-0.2.1.tar.gz", hash = "sha256:21ae5d580eeaec7b4418e65595d144515b5f316a6112c5dfc24819afe391d745"},
]

[package.extras]
build = ["versioneer"]
publish = ["twine"]
test = ["pylint", "pytest", "pytest-cov", "tox"]

[[package]]
name = "termcolor"
version = "2.4.0"
description = "ANSI color formatting for output in terminal"
optional = false
python-versions = ">=3.8"
files = [
    {file = "termcolor-2.4.0-py3-none-any.whl", hash = "sha256:9297c0df9c99445c2412e832e882a7884038a25617c60cea2ad69488d4040d63"},
    {file = "termcolor-2.4.0.tar.gz", hash = "sha256:aab9e56047c8ac41ed798fa36d892a37aca6b3e9159f3e0c24bc64a9b3ac7b7a"},
]

[package.extras]
tests = ["pytest", "pytest-cov"]

[metadata]
lock-version = "2.0"
python-versions = "^3.8"
content-hash = "1451cf954de95ea076c44b56515ab55d24597db453907f554166c3a155ed2080"
