# This file is automatically @generated by Poetry 1.4.2 and should not be changed by hand.

[[package]]
name = "termcolor"
version = "2.3.0"
description = "ANSI color formatting for output in terminal"
category = "main"
optional = false
python-versions = ">=3.7"
files = [
    {file = "termcolor-2.3.0-py3-none-any.whl", hash = "sha256:3afb05607b89aed0ffe25202399ee0867ad4d3cb4180d98aaf8eefa6a5f7d475"},
    {file = "termcolor-2.3.0.tar.gz", hash = "sha256:b5b08f68937f138fe92f6c089b99f1e2da0ae56c52b78bf7075fd95420fd9a5a"},
]

[package.extras]
tests = ["pytest", "pytest-cov"]

[metadata]
lock-version = "2.0"
python-versions = "^3.8"
content-hash = "b53f617538b8e3c9f2bbfea34265fe1f4e5b661c7c9b9069a0498c83251029b5"
